// !$*UTF8*$!
{
	archiveVersion = 1;
	classes = {
	};
	objectVersion = 50;
	objects = {

/* Begin PBXBuildFile section */
		D2C1FE70224E5B7000700E41 /* AppDelegate.swift in Sources */ = {isa = PBXBuildFile; fileRef = D2C1FE6F224E5B7000700E41 /* AppDelegate.swift */; };
		D2C1FE77224E5B7200700E41 /* Assets.xcassets in Resources */ = {isa = PBXBuildFile; fileRef = D2C1FE76224E5B7200700E41 /* Assets.xcassets */; };
		D2C1FE7A224E5B7200700E41 /* LaunchScreen.storyboard in Resources */ = {isa = PBXBuildFile; fileRef = D2C1FE78224E5B7200700E41 /* LaunchScreen.storyboard */; };
		D2C1FE85224E5B7200700E41 /* PippinTests.swift in Sources */ = {isa = PBXBuildFile; fileRef = D2C1FE84224E5B7200700E41 /* PippinTests.swift */; };
		D2E35F5E22529A8C000522E5 /* CoordinatorsTracker.swift in Sources */ = {isa = PBXBuildFile; fileRef = D2E35F5722529A8C000522E5 /* CoordinatorsTracker.swift */; };
		D2E35F5F22529A8C000522E5 /* Coordinator.swift in Sources */ = {isa = PBXBuildFile; fileRef = D2E35F5822529A8C000522E5 /* Coordinator.swift */; };
		D2E35F6022529A8C000522E5 /* NavigationControllerCoordinatorsTracker.swift in Sources */ = {isa = PBXBuildFile; fileRef = D2E35F5922529A8C000522E5 /* NavigationControllerCoordinatorsTracker.swift */; };
		D2E35F6122529A8C000522E5 /* FlowCoordinator.swift in Sources */ = {isa = PBXBuildFile; fileRef = D2E35F5A22529A8C000522E5 /* FlowCoordinator.swift */; };
		D2E35F6222529A8C000522E5 /* FlowEvent.swift in Sources */ = {isa = PBXBuildFile; fileRef = D2E35F5B22529A8C000522E5 /* FlowEvent.swift */; };
		D2E35F6322529A8C000522E5 /* NavigationFlowCoordinator.swift in Sources */ = {isa = PBXBuildFile; fileRef = D2E35F5C22529A8C000522E5 /* NavigationFlowCoordinator.swift */; };
		D2E35F6422529A8C000522E5 /* Presentable.swift in Sources */ = {isa = PBXBuildFile; fileRef = D2E35F5D22529A8C000522E5 /* Presentable.swift */; };
		D2E35F6622529AAE000522E5 /* ApplicationCoordinator.swift in Sources */ = {isa = PBXBuildFile; fileRef = D2E35F6522529AAE000522E5 /* ApplicationCoordinator.swift */; };
		D2E35F6D22529C1F000522E5 /* TabBarCoordinator.swift in Sources */ = {isa = PBXBuildFile; fileRef = D2E35F6C22529C1F000522E5 /* TabBarCoordinator.swift */; };
		D2E35F6F22529C46000522E5 /* TabCoordinatable.swift in Sources */ = {isa = PBXBuildFile; fileRef = D2E35F6E22529C46000522E5 /* TabCoordinatable.swift */; };
		D2E35F7222529DE5000522E5 /* UserDefaultsManager.swift in Sources */ = {isa = PBXBuildFile; fileRef = D2E35F7122529DE5000522E5 /* UserDefaultsManager.swift */; };
/* End PBXBuildFile section */

/* Begin PBXContainerItemProxy section */
		D2C1FE81224E5B7200700E41 /* PBXContainerItemProxy */ = {
			isa = PBXContainerItemProxy;
			containerPortal = D2C1FE64224E5B7000700E41 /* Project object */;
			proxyType = 1;
			remoteGlobalIDString = D2C1FE6B224E5B7000700E41;
			remoteInfo = Pippin;
		};
/* End PBXContainerItemProxy section */

/* Begin PBXFileReference section */
		D2C1FE6C224E5B7000700E41 /* Pippin.app */ = {isa = PBXFileReference; explicitFileType = wrapper.application; includeInIndex = 0; path = Pippin.app; sourceTree = BUILT_PRODUCTS_DIR; };
		D2C1FE6F224E5B7000700E41 /* AppDelegate.swift */ = {isa = PBXFileReference; lastKnownFileType = sourcecode.swift; path = AppDelegate.swift; sourceTree = "<group>"; };
		D2C1FE76224E5B7200700E41 /* Assets.xcassets */ = {isa = PBXFileReference; lastKnownFileType = folder.assetcatalog; path = Assets.xcassets; sourceTree = "<group>"; };
		D2C1FE79224E5B7200700E41 /* Base */ = {isa = PBXFileReference; lastKnownFileType = file.storyboard; name = Base; path = Base.lproj/LaunchScreen.storyboard; sourceTree = "<group>"; };
		D2C1FE7B224E5B7200700E41 /* Info.plist */ = {isa = PBXFileReference; lastKnownFileType = text.plist.xml; path = Info.plist; sourceTree = "<group>"; };
		D2C1FE80224E5B7200700E41 /* PippinTests.xctest */ = {isa = PBXFileReference; explicitFileType = wrapper.cfbundle; includeInIndex = 0; path = PippinTests.xctest; sourceTree = BUILT_PRODUCTS_DIR; };
		D2C1FE84224E5B7200700E41 /* PippinTests.swift */ = {isa = PBXFileReference; lastKnownFileType = sourcecode.swift; path = PippinTests.swift; sourceTree = "<group>"; };
		D2C1FE86224E5B7200700E41 /* Info.plist */ = {isa = PBXFileReference; lastKnownFileType = text.plist.xml; path = Info.plist; sourceTree = "<group>"; };
		D2E35F5722529A8C000522E5 /* CoordinatorsTracker.swift */ = {isa = PBXFileReference; fileEncoding = 4; lastKnownFileType = sourcecode.swift; path = CoordinatorsTracker.swift; sourceTree = "<group>"; };
		D2E35F5822529A8C000522E5 /* Coordinator.swift */ = {isa = PBXFileReference; fileEncoding = 4; lastKnownFileType = sourcecode.swift; path = Coordinator.swift; sourceTree = "<group>"; };
		D2E35F5922529A8C000522E5 /* NavigationControllerCoordinatorsTracker.swift */ = {isa = PBXFileReference; fileEncoding = 4; lastKnownFileType = sourcecode.swift; path = NavigationControllerCoordinatorsTracker.swift; sourceTree = "<group>"; };
		D2E35F5A22529A8C000522E5 /* FlowCoordinator.swift */ = {isa = PBXFileReference; fileEncoding = 4; lastKnownFileType = sourcecode.swift; path = FlowCoordinator.swift; sourceTree = "<group>"; };
		D2E35F5B22529A8C000522E5 /* FlowEvent.swift */ = {isa = PBXFileReference; fileEncoding = 4; lastKnownFileType = sourcecode.swift; path = FlowEvent.swift; sourceTree = "<group>"; };
		D2E35F5C22529A8C000522E5 /* NavigationFlowCoordinator.swift */ = {isa = PBXFileReference; fileEncoding = 4; lastKnownFileType = sourcecode.swift; path = NavigationFlowCoordinator.swift; sourceTree = "<group>"; };
		D2E35F5D22529A8C000522E5 /* Presentable.swift */ = {isa = PBXFileReference; fileEncoding = 4; lastKnownFileType = sourcecode.swift; path = Presentable.swift; sourceTree = "<group>"; };
		D2E35F6522529AAE000522E5 /* ApplicationCoordinator.swift */ = {isa = PBXFileReference; lastKnownFileType = sourcecode.swift; path = ApplicationCoordinator.swift; sourceTree = "<group>"; };
		D2E35F6C22529C1F000522E5 /* TabBarCoordinator.swift */ = {isa = PBXFileReference; lastKnownFileType = sourcecode.swift; path = TabBarCoordinator.swift; sourceTree = "<group>"; };
		D2E35F6E22529C46000522E5 /* TabCoordinatable.swift */ = {isa = PBXFileReference; lastKnownFileType = sourcecode.swift; path = TabCoordinatable.swift; sourceTree = "<group>"; };
		D2E35F7122529DE5000522E5 /* UserDefaultsManager.swift */ = {isa = PBXFileReference; lastKnownFileType = sourcecode.swift; path = UserDefaultsManager.swift; sourceTree = "<group>"; };
/* End PBXFileReference section */

/* Begin PBXFrameworksBuildPhase section */
		D2C1FE69224E5B7000700E41 /* Frameworks */ = {
			isa = PBXFrameworksBuildPhase;
			buildActionMask = 2147483647;
			files = (
			);
			runOnlyForDeploymentPostprocessing = 0;
		};
		D2C1FE7D224E5B7200700E41 /* Frameworks */ = {
			isa = PBXFrameworksBuildPhase;
			buildActionMask = 2147483647;
			files = (
			);
			runOnlyForDeploymentPostprocessing = 0;
		};
/* End PBXFrameworksBuildPhase section */

/* Begin PBXGroup section */
		D2C1FE63224E5B7000700E41 = {
			isa = PBXGroup;
			children = (
				D2C1FE6E224E5B7000700E41 /* Pippin */,
				D2C1FE83224E5B7200700E41 /* PippinTests */,
				D2C1FE6D224E5B7000700E41 /* Products */,
			);
			sourceTree = "<group>";
		};
		D2C1FE6D224E5B7000700E41 /* Products */ = {
			isa = PBXGroup;
			children = (
				D2C1FE6C224E5B7000700E41 /* Pippin.app */,
				D2C1FE80224E5B7200700E41 /* PippinTests.xctest */,
			);
			name = Products;
			sourceTree = "<group>";
		};
		D2C1FE6E224E5B7000700E41 /* Pippin */ = {
			isa = PBXGroup;
			children = (
				D2E35F6B22529BF7000522E5 /* Models */,
				D2E35F6A22529BEF000522E5 /* ViewControllers */,
				D2E35F6922529BE9000522E5 /* Coordinators */,
				D2E35F5622529A47000522E5 /* NavigationFlowCoordinator */,
				D2E35F7022529DBF000522E5 /* Utility */,
				D2C1FE6F224E5B7000700E41 /* AppDelegate.swift */,
				D2E35F6522529AAE000522E5 /* ApplicationCoordinator.swift */,
				D2C1FE7B224E5B7200700E41 /* Info.plist */,
				D2C1FE76224E5B7200700E41 /* Assets.xcassets */,
				D2C1FE78224E5B7200700E41 /* LaunchScreen.storyboard */,
			);
			path = Pippin;
			sourceTree = "<group>";
		};
		D2C1FE83224E5B7200700E41 /* PippinTests */ = {
			isa = PBXGroup;
			children = (
				D2C1FE84224E5B7200700E41 /* PippinTests.swift */,
				D2C1FE86224E5B7200700E41 /* Info.plist */,
			);
			path = PippinTests;
			sourceTree = "<group>";
		};
		D2E35F5622529A47000522E5 /* NavigationFlowCoordinator */ = {
			isa = PBXGroup;
			children = (
				D2E35F5822529A8C000522E5 /* Coordinator.swift */,
				D2E35F5722529A8C000522E5 /* CoordinatorsTracker.swift */,
				D2E35F5A22529A8C000522E5 /* FlowCoordinator.swift */,
				D2E35F5B22529A8C000522E5 /* FlowEvent.swift */,
				D2E35F5922529A8C000522E5 /* NavigationControllerCoordinatorsTracker.swift */,
				D2E35F5C22529A8C000522E5 /* NavigationFlowCoordinator.swift */,
				D2E35F5D22529A8C000522E5 /* Presentable.swift */,
				D2E35F6E22529C46000522E5 /* TabCoordinatable.swift */,
			);
			path = NavigationFlowCoordinator;
			sourceTree = "<group>";
		};
		D2E35F6922529BE9000522E5 /* Coordinators */ = {
			isa = PBXGroup;
			children = (
				D2E35F6C22529C1F000522E5 /* TabBarCoordinator.swift */,
			);
			path = Coordinators;
			sourceTree = "<group>";
		};
		D2E35F6A22529BEF000522E5 /* ViewControllers */ = {
			isa = PBXGroup;
			children = (
			);
			path = ViewControllers;
			sourceTree = "<group>";
		};
		D2E35F6B22529BF7000522E5 /* Models */ = {
			isa = PBXGroup;
			children = (
			);
			path = Models;
			sourceTree = "<group>";
		};
		D2E35F7022529DBF000522E5 /* Utility */ = {
			isa = PBXGroup;
			children = (
				D2E35F7122529DE5000522E5 /* UserDefaultsManager.swift */,
			);
			path = Utility;
			sourceTree = "<group>";
		};
/* End PBXGroup section */

/* Begin PBXNativeTarget section */
		D2C1FE6B224E5B7000700E41 /* Pippin */ = {
			isa = PBXNativeTarget;
			buildConfigurationList = D2C1FE89224E5B7200700E41 /* Build configuration list for PBXNativeTarget "Pippin" */;
			buildPhases = (
				D2C1FE68224E5B7000700E41 /* Sources */,
				D2C1FE69224E5B7000700E41 /* Frameworks */,
				D2C1FE6A224E5B7000700E41 /* Resources */,
			);
			buildRules = (
			);
			dependencies = (
			);
			name = Pippin;
			productName = Pippin;
			productReference = D2C1FE6C224E5B7000700E41 /* Pippin.app */;
			productType = "com.apple.product-type.application";
		};
		D2C1FE7F224E5B7200700E41 /* PippinTests */ = {
			isa = PBXNativeTarget;
			buildConfigurationList = D2C1FE8C224E5B7200700E41 /* Build configuration list for PBXNativeTarget "PippinTests" */;
			buildPhases = (
				D2C1FE7C224E5B7200700E41 /* Sources */,
				D2C1FE7D224E5B7200700E41 /* Frameworks */,
				D2C1FE7E224E5B7200700E41 /* Resources */,
			);
			buildRules = (
			);
			dependencies = (
				D2C1FE82224E5B7200700E41 /* PBXTargetDependency */,
			);
			name = PippinTests;
			productName = PippinTests;
			productReference = D2C1FE80224E5B7200700E41 /* PippinTests.xctest */;
			productType = "com.apple.product-type.bundle.unit-test";
		};
/* End PBXNativeTarget section */

/* Begin PBXProject section */
		D2C1FE64224E5B7000700E41 /* Project object */ = {
			isa = PBXProject;
			attributes = {
				LastSwiftUpdateCheck = 1010;
				LastUpgradeCheck = 1010;
				ORGANIZATIONNAME = SchoolConnect;
				TargetAttributes = {
					D2C1FE6B224E5B7000700E41 = {
						CreatedOnToolsVersion = 10.1;
					};
					D2C1FE7F224E5B7200700E41 = {
						CreatedOnToolsVersion = 10.1;
						TestTargetID = D2C1FE6B224E5B7000700E41;
					};
				};
			};
			buildConfigurationList = D2C1FE67224E5B7000700E41 /* Build configuration list for PBXProject "Pippin" */;
			compatibilityVersion = "Xcode 9.3";
			developmentRegion = en;
			hasScannedForEncodings = 0;
			knownRegions = (
				en,
				Base,
			);
			mainGroup = D2C1FE63224E5B7000700E41;
			productRefGroup = D2C1FE6D224E5B7000700E41 /* Products */;
			projectDirPath = "";
			projectRoot = "";
			targets = (
				D2C1FE6B224E5B7000700E41 /* Pippin */,
				D2C1FE7F224E5B7200700E41 /* PippinTests */,
			);
		};
/* End PBXProject section */

/* Begin PBXResourcesBuildPhase section */
		D2C1FE6A224E5B7000700E41 /* Resources */ = {
			isa = PBXResourcesBuildPhase;
			buildActionMask = 2147483647;
			files = (
				D2C1FE7A224E5B7200700E41 /* LaunchScreen.storyboard in Resources */,
				D2C1FE77224E5B7200700E41 /* Assets.xcassets in Resources */,
			);
			runOnlyForDeploymentPostprocessing = 0;
		};
		D2C1FE7E224E5B7200700E41 /* Resources */ = {
			isa = PBXResourcesBuildPhase;
			buildActionMask = 2147483647;
			files = (
			);
			runOnlyForDeploymentPostprocessing = 0;
		};
/* End PBXResourcesBuildPhase section */

/* Begin PBXSourcesBuildPhase section */
		D2C1FE68224E5B7000700E41 /* Sources */ = {
			isa = PBXSourcesBuildPhase;
			buildActionMask = 2147483647;
			files = (
				D2E35F6F22529C46000522E5 /* TabCoordinatable.swift in Sources */,
				D2E35F6222529A8C000522E5 /* FlowEvent.swift in Sources */,
				D2E35F7222529DE5000522E5 /* UserDefaultsManager.swift in Sources */,
				D2E35F5F22529A8C000522E5 /* Coordinator.swift in Sources */,
				D2E35F5E22529A8C000522E5 /* CoordinatorsTracker.swift in Sources */,
				D2E35F6122529A8C000522E5 /* FlowCoordinator.swift in Sources */,
				D2E35F6022529A8C000522E5 /* NavigationControllerCoordinatorsTracker.swift in Sources */,
				D2E35F6622529AAE000522E5 /* ApplicationCoordinator.swift in Sources */,
				D2E35F6322529A8C000522E5 /* NavigationFlowCoordinator.swift in Sources */,
				D2C1FE70224E5B7000700E41 /* AppDelegate.swift in Sources */,
				D2E35F6D22529C1F000522E5 /* TabBarCoordinator.swift in Sources */,
				D2E35F6422529A8C000522E5 /* Presentable.swift in Sources */,
			);
			runOnlyForDeploymentPostprocessing = 0;
		};
		D2C1FE7C224E5B7200700E41 /* Sources */ = {
			isa = PBXSourcesBuildPhase;
			buildActionMask = 2147483647;
			files = (
				D2C1FE85224E5B7200700E41 /* PippinTests.swift in Sources */,
			);
			runOnlyForDeploymentPostprocessing = 0;
		};
/* End PBXSourcesBuildPhase section */

/* Begin PBXTargetDependency section */
		D2C1FE82224E5B7200700E41 /* PBXTargetDependency */ = {
			isa = PBXTargetDependency;
			target = D2C1FE6B224E5B7000700E41 /* Pippin */;
			targetProxy = D2C1FE81224E5B7200700E41 /* PBXContainerItemProxy */;
		};
/* End PBXTargetDependency section */

/* Begin PBXVariantGroup section */
		D2C1FE78224E5B7200700E41 /* LaunchScreen.storyboard */ = {
			isa = PBXVariantGroup;
			children = (
				D2C1FE79224E5B7200700E41 /* Base */,
			);
			name = LaunchScreen.storyboard;
			sourceTree = "<group>";
		};
/* End PBXVariantGroup section */

/* Begin XCBuildConfiguration section */
		D2C1FE87224E5B7200700E41 /* Development */ = {
			isa = XCBuildConfiguration;
			buildSettings = {
				ALWAYS_SEARCH_USER_PATHS = NO;
				CLANG_ANALYZER_NONNULL = YES;
				CLANG_ANALYZER_NUMBER_OBJECT_CONVERSION = YES_AGGRESSIVE;
				CLANG_CXX_LANGUAGE_STANDARD = "gnu++14";
				CLANG_CXX_LIBRARY = "libc++";
				CLANG_ENABLE_MODULES = YES;
				CLANG_ENABLE_OBJC_ARC = YES;
				CLANG_ENABLE_OBJC_WEAK = YES;
				CLANG_WARN_BLOCK_CAPTURE_AUTORELEASING = YES;
				CLANG_WARN_BOOL_CONVERSION = YES;
				CLANG_WARN_COMMA = YES;
				CLANG_WARN_CONSTANT_CONVERSION = YES;
				CLANG_WARN_DEPRECATED_OBJC_IMPLEMENTATIONS = YES;
				CLANG_WARN_DIRECT_OBJC_ISA_USAGE = YES_ERROR;
				CLANG_WARN_DOCUMENTATION_COMMENTS = YES;
				CLANG_WARN_EMPTY_BODY = YES;
				CLANG_WARN_ENUM_CONVERSION = YES;
				CLANG_WARN_INFINITE_RECURSION = YES;
				CLANG_WARN_INT_CONVERSION = YES;
				CLANG_WARN_NON_LITERAL_NULL_CONVERSION = YES;
				CLANG_WARN_OBJC_IMPLICIT_RETAIN_SELF = YES;
				CLANG_WARN_OBJC_LITERAL_CONVERSION = YES;
				CLANG_WARN_OBJC_ROOT_CLASS = YES_ERROR;
				CLANG_WARN_RANGE_LOOP_ANALYSIS = YES;
				CLANG_WARN_STRICT_PROTOTYPES = YES;
				CLANG_WARN_SUSPICIOUS_MOVE = YES;
				CLANG_WARN_UNGUARDED_AVAILABILITY = YES_AGGRESSIVE;
				CLANG_WARN_UNREACHABLE_CODE = YES;
				CLANG_WARN__DUPLICATE_METHOD_MATCH = YES;
				CODE_SIGN_IDENTITY = "iPhone Developer";
				COPY_PHASE_STRIP = NO;
				DEBUG_INFORMATION_FORMAT = dwarf;
				ENABLE_STRICT_OBJC_MSGSEND = YES;
				ENABLE_TESTABILITY = YES;
				GCC_C_LANGUAGE_STANDARD = gnu11;
				GCC_DYNAMIC_NO_PIC = NO;
				GCC_NO_COMMON_BLOCKS = YES;
				GCC_OPTIMIZATION_LEVEL = 0;
				GCC_PREPROCESSOR_DEFINITIONS = (
					"DEBUG=1",
					"$(inherited)",
				);
				GCC_WARN_64_TO_32_BIT_CONVERSION = YES;
				GCC_WARN_ABOUT_RETURN_TYPE = YES_ERROR;
				GCC_WARN_UNDECLARED_SELECTOR = YES;
				GCC_WARN_UNINITIALIZED_AUTOS = YES_AGGRESSIVE;
				GCC_WARN_UNUSED_FUNCTION = YES;
				GCC_WARN_UNUSED_VARIABLE = YES;
				IPHONEOS_DEPLOYMENT_TARGET = 12.1;
				MTL_ENABLE_DEBUG_INFO = INCLUDE_SOURCE;
				MTL_FAST_MATH = YES;
				ONLY_ACTIVE_ARCH = YES;
				SDKROOT = iphoneos;
				SWIFT_ACTIVE_COMPILATION_CONDITIONS = DEBUG;
				SWIFT_OPTIMIZATION_LEVEL = "-Onone";
			};
			name = Development;
		};
		D2C1FE88224E5B7200700E41 /* Production-Release */ = {
			isa = XCBuildConfiguration;
			buildSettings = {
				ALWAYS_SEARCH_USER_PATHS = NO;
				CLANG_ANALYZER_NONNULL = YES;
				CLANG_ANALYZER_NUMBER_OBJECT_CONVERSION = YES_AGGRESSIVE;
				CLANG_CXX_LANGUAGE_STANDARD = "gnu++14";
				CLANG_CXX_LIBRARY = "libc++";
				CLANG_ENABLE_MODULES = YES;
				CLANG_ENABLE_OBJC_ARC = YES;
				CLANG_ENABLE_OBJC_WEAK = YES;
				CLANG_WARN_BLOCK_CAPTURE_AUTORELEASING = YES;
				CLANG_WARN_BOOL_CONVERSION = YES;
				CLANG_WARN_COMMA = YES;
				CLANG_WARN_CONSTANT_CONVERSION = YES;
				CLANG_WARN_DEPRECATED_OBJC_IMPLEMENTATIONS = YES;
				CLANG_WARN_DIRECT_OBJC_ISA_USAGE = YES_ERROR;
				CLANG_WARN_DOCUMENTATION_COMMENTS = YES;
				CLANG_WARN_EMPTY_BODY = YES;
				CLANG_WARN_ENUM_CONVERSION = YES;
				CLANG_WARN_INFINITE_RECURSION = YES;
				CLANG_WARN_INT_CONVERSION = YES;
				CLANG_WARN_NON_LITERAL_NULL_CONVERSION = YES;
				CLANG_WARN_OBJC_IMPLICIT_RETAIN_SELF = YES;
				CLANG_WARN_OBJC_LITERAL_CONVERSION = YES;
				CLANG_WARN_OBJC_ROOT_CLASS = YES_ERROR;
				CLANG_WARN_RANGE_LOOP_ANALYSIS = YES;
				CLANG_WARN_STRICT_PROTOTYPES = YES;
				CLANG_WARN_SUSPICIOUS_MOVE = YES;
				CLANG_WARN_UNGUARDED_AVAILABILITY = YES_AGGRESSIVE;
				CLANG_WARN_UNREACHABLE_CODE = YES;
				CLANG_WARN__DUPLICATE_METHOD_MATCH = YES;
				CODE_SIGN_IDENTITY = "iPhone Developer";
				COPY_PHASE_STRIP = NO;
				DEBUG_INFORMATION_FORMAT = "dwarf-with-dsym";
				ENABLE_NS_ASSERTIONS = NO;
				ENABLE_STRICT_OBJC_MSGSEND = YES;
				GCC_C_LANGUAGE_STANDARD = gnu11;
				GCC_NO_COMMON_BLOCKS = YES;
				GCC_WARN_64_TO_32_BIT_CONVERSION = YES;
				GCC_WARN_ABOUT_RETURN_TYPE = YES_ERROR;
				GCC_WARN_UNDECLARED_SELECTOR = YES;
				GCC_WARN_UNINITIALIZED_AUTOS = YES_AGGRESSIVE;
				GCC_WARN_UNUSED_FUNCTION = YES;
				GCC_WARN_UNUSED_VARIABLE = YES;
				IPHONEOS_DEPLOYMENT_TARGET = 12.1;
				MTL_ENABLE_DEBUG_INFO = NO;
				MTL_FAST_MATH = YES;
				SDKROOT = iphoneos;
				SWIFT_COMPILATION_MODE = wholemodule;
				SWIFT_OPTIMIZATION_LEVEL = "-O";
				VALIDATE_PRODUCT = YES;
			};
			name = "Production-Release";
		};
		D2C1FE8A224E5B7200700E41 /* Development */ = {
			isa = XCBuildConfiguration;
			buildSettings = {
				ASSETCATALOG_COMPILER_APPICON_NAME = AppIcon;
				BUNDLE_DISPLAY_NAME = "Pippin-Dev";
				CODE_SIGN_STYLE = Automatic;
				DEVELOPMENT_TEAM = 2J9S2B5EZD;
				INFOPLIST_FILE = Pippin/Info.plist;
				IPHONEOS_DEPLOYMENT_TARGET = 11.0;
				LD_RUNPATH_SEARCH_PATHS = (
					"$(inherited)",
					"@executable_path/Frameworks",
				);
				PRODUCT_BUNDLE_IDENTIFIER = com.willbrandin.schoolconnect.Pippin.debug;
				PRODUCT_NAME = "$(TARGET_NAME)";
				SWIFT_ACTIVE_COMPILATION_CONDITIONS = "DEBUG DEV_DEBUG";
				SWIFT_VERSION = 4.2;
				TARGETED_DEVICE_FAMILY = "1,2";
			};
			name = Development;
		};
		D2C1FE8B224E5B7200700E41 /* Production-Release */ = {
			isa = XCBuildConfiguration;
			buildSettings = {
				ASSETCATALOG_COMPILER_APPICON_NAME = AppIcon;
				BUNDLE_DISPLAY_NAME = Pippin;
				CODE_SIGN_STYLE = Automatic;
				DEVELOPMENT_TEAM = 2J9S2B5EZD;
				INFOPLIST_FILE = Pippin/Info.plist;
				IPHONEOS_DEPLOYMENT_TARGET = 11.0;
				LD_RUNPATH_SEARCH_PATHS = (
					"$(inherited)",
					"@executable_path/Frameworks",
				);
				PRODUCT_BUNDLE_IDENTIFIER = com.willbrandin.schoolconnect.Pippin.release;
				PRODUCT_NAME = "$(TARGET_NAME)";
				SWIFT_VERSION = 4.2;
				TARGETED_DEVICE_FAMILY = "1,2";
			};
			name = "Production-Release";
		};
		D2C1FE8D224E5B7200700E41 /* Development */ = {
			isa = XCBuildConfiguration;
			buildSettings = {
				ALWAYS_EMBED_SWIFT_STANDARD_LIBRARIES = YES;
				BUNDLE_LOADER = "$(TEST_HOST)";
				CODE_SIGN_STYLE = Automatic;
				DEVELOPMENT_TEAM = 2J9S2B5EZD;
				INFOPLIST_FILE = PippinTests/Info.plist;
				LD_RUNPATH_SEARCH_PATHS = (
					"$(inherited)",
					"@executable_path/Frameworks",
					"@loader_path/Frameworks",
				);
				PRODUCT_BUNDLE_IDENTIFIER = com.willbrandin.schoolconnect.PippinTests;
				PRODUCT_NAME = "$(TARGET_NAME)";
				SWIFT_VERSION = 4.2;
				TARGETED_DEVICE_FAMILY = "1,2";
				TEST_HOST = "$(BUILT_PRODUCTS_DIR)/Pippin.app/Pippin";
			};
			name = Development;
		};
		D2C1FE8E224E5B7200700E41 /* Production-Release */ = {
			isa = XCBuildConfiguration;
			buildSettings = {
				ALWAYS_EMBED_SWIFT_STANDARD_LIBRARIES = YES;
				BUNDLE_LOADER = "$(TEST_HOST)";
				CODE_SIGN_STYLE = Automatic;
				DEVELOPMENT_TEAM = 2J9S2B5EZD;
				INFOPLIST_FILE = PippinTests/Info.plist;
				LD_RUNPATH_SEARCH_PATHS = (
					"$(inherited)",
					"@executable_path/Frameworks",
					"@loader_path/Frameworks",
				);
				PRODUCT_BUNDLE_IDENTIFIER = com.willbrandin.schoolconnect.PippinTests;
				PRODUCT_NAME = "$(TARGET_NAME)";
				SWIFT_VERSION = 4.2;
				TARGETED_DEVICE_FAMILY = "1,2";
				TEST_HOST = "$(BUILT_PRODUCTS_DIR)/Pippin.app/Pippin";
			};
			name = "Production-Release";
		};
		D2C1FE8F224E5BF800700E41 /* Staging-Release */ = {
			isa = XCBuildConfiguration;
			buildSettings = {
				ALWAYS_SEARCH_USER_PATHS = NO;
				CLANG_ANALYZER_NONNULL = YES;
				CLANG_ANALYZER_NUMBER_OBJECT_CONVERSION = YES_AGGRESSIVE;
				CLANG_CXX_LANGUAGE_STANDARD = "gnu++14";
				CLANG_CXX_LIBRARY = "libc++";
				CLANG_ENABLE_MODULES = YES;
				CLANG_ENABLE_OBJC_ARC = YES;
				CLANG_ENABLE_OBJC_WEAK = YES;
				CLANG_WARN_BLOCK_CAPTURE_AUTORELEASING = YES;
				CLANG_WARN_BOOL_CONVERSION = YES;
				CLANG_WARN_COMMA = YES;
				CLANG_WARN_CONSTANT_CONVERSION = YES;
				CLANG_WARN_DEPRECATED_OBJC_IMPLEMENTATIONS = YES;
				CLANG_WARN_DIRECT_OBJC_ISA_USAGE = YES_ERROR;
				CLANG_WARN_DOCUMENTATION_COMMENTS = YES;
				CLANG_WARN_EMPTY_BODY = YES;
				CLANG_WARN_ENUM_CONVERSION = YES;
				CLANG_WARN_INFINITE_RECURSION = YES;
				CLANG_WARN_INT_CONVERSION = YES;
				CLANG_WARN_NON_LITERAL_NULL_CONVERSION = YES;
				CLANG_WARN_OBJC_IMPLICIT_RETAIN_SELF = YES;
				CLANG_WARN_OBJC_LITERAL_CONVERSION = YES;
				CLANG_WARN_OBJC_ROOT_CLASS = YES_ERROR;
				CLANG_WARN_RANGE_LOOP_ANALYSIS = YES;
				CLANG_WARN_STRICT_PROTOTYPES = YES;
				CLANG_WARN_SUSPICIOUS_MOVE = YES;
				CLANG_WARN_UNGUARDED_AVAILABILITY = YES_AGGRESSIVE;
				CLANG_WARN_UNREACHABLE_CODE = YES;
				CLANG_WARN__DUPLICATE_METHOD_MATCH = YES;
				CODE_SIGN_IDENTITY = "iPhone Developer";
				COPY_PHASE_STRIP = NO;
				DEBUG_INFORMATION_FORMAT = "dwarf-with-dsym";
				ENABLE_NS_ASSERTIONS = NO;
				ENABLE_STRICT_OBJC_MSGSEND = YES;
				GCC_C_LANGUAGE_STANDARD = gnu11;
				GCC_NO_COMMON_BLOCKS = YES;
				GCC_WARN_64_TO_32_BIT_CONVERSION = YES;
				GCC_WARN_ABOUT_RETURN_TYPE = YES_ERROR;
				GCC_WARN_UNDECLARED_SELECTOR = YES;
				GCC_WARN_UNINITIALIZED_AUTOS = YES_AGGRESSIVE;
				GCC_WARN_UNUSED_FUNCTION = YES;
				GCC_WARN_UNUSED_VARIABLE = YES;
				IPHONEOS_DEPLOYMENT_TARGET = 12.1;
				MTL_ENABLE_DEBUG_INFO = NO;
				MTL_FAST_MATH = YES;
				SDKROOT = iphoneos;
				SWIFT_COMPILATION_MODE = wholemodule;
				SWIFT_OPTIMIZATION_LEVEL = "-O";
				VALIDATE_PRODUCT = YES;
			};
			name = "Staging-Release";
		};
		D2C1FE90224E5BF800700E41 /* Staging-Release */ = {
			isa = XCBuildConfiguration;
			buildSettings = {
				ASSETCATALOG_COMPILER_APPICON_NAME = AppIcon;
				BUNDLE_DISPLAY_NAME = "Pippin-Staging";
				CODE_SIGN_STYLE = Automatic;
				DEVELOPMENT_TEAM = 2J9S2B5EZD;
				INFOPLIST_FILE = Pippin/Info.plist;
				IPHONEOS_DEPLOYMENT_TARGET = 11.0;
				LD_RUNPATH_SEARCH_PATHS = (
					"$(inherited)",
					"@executable_path/Frameworks",
				);
				PRODUCT_BUNDLE_IDENTIFIER = com.willbrandin.schoolconnect.Pippin.debug;
				PRODUCT_NAME = "$(TARGET_NAME)";
				SWIFT_VERSION = 4.2;
				TARGETED_DEVICE_FAMILY = "1,2";
			};
			name = "Staging-Release";
		};
		D2C1FE91224E5BF800700E41 /* Staging-Release */ = {
			isa = XCBuildConfiguration;
			buildSettings = {
				ALWAYS_EMBED_SWIFT_STANDARD_LIBRARIES = YES;
				BUNDLE_LOADER = "$(TEST_HOST)";
				CODE_SIGN_STYLE = Automatic;
				DEVELOPMENT_TEAM = 2J9S2B5EZD;
				INFOPLIST_FILE = PippinTests/Info.plist;
				LD_RUNPATH_SEARCH_PATHS = (
					"$(inherited)",
					"@executable_path/Frameworks",
					"@loader_path/Frameworks",
				);
				PRODUCT_BUNDLE_IDENTIFIER = com.willbrandin.schoolconnect.PippinTests;
				PRODUCT_NAME = "$(TARGET_NAME)";
				SWIFT_VERSION = 4.2;
				TARGETED_DEVICE_FAMILY = "1,2";
				TEST_HOST = "$(BUILT_PRODUCTS_DIR)/Pippin.app/Pippin";
			};
			name = "Staging-Release";
		};
		D2C1FE92224E5C0100700E41 /* Staging-Debug */ = {
			isa = XCBuildConfiguration;
			buildSettings = {
				ALWAYS_SEARCH_USER_PATHS = NO;
				CLANG_ANALYZER_NONNULL = YES;
				CLANG_ANALYZER_NUMBER_OBJECT_CONVERSION = YES_AGGRESSIVE;
				CLANG_CXX_LANGUAGE_STANDARD = "gnu++14";
				CLANG_CXX_LIBRARY = "libc++";
				CLANG_ENABLE_MODULES = YES;
				CLANG_ENABLE_OBJC_ARC = YES;
				CLANG_ENABLE_OBJC_WEAK = YES;
				CLANG_WARN_BLOCK_CAPTURE_AUTORELEASING = YES;
				CLANG_WARN_BOOL_CONVERSION = YES;
				CLANG_WARN_COMMA = YES;
				CLANG_WARN_CONSTANT_CONVERSION = YES;
				CLANG_WARN_DEPRECATED_OBJC_IMPLEMENTATIONS = YES;
				CLANG_WARN_DIRECT_OBJC_ISA_USAGE = YES_ERROR;
				CLANG_WARN_DOCUMENTATION_COMMENTS = YES;
				CLANG_WARN_EMPTY_BODY = YES;
				CLANG_WARN_ENUM_CONVERSION = YES;
				CLANG_WARN_INFINITE_RECURSION = YES;
				CLANG_WARN_INT_CONVERSION = YES;
				CLANG_WARN_NON_LITERAL_NULL_CONVERSION = YES;
				CLANG_WARN_OBJC_IMPLICIT_RETAIN_SELF = YES;
				CLANG_WARN_OBJC_LITERAL_CONVERSION = YES;
				CLANG_WARN_OBJC_ROOT_CLASS = YES_ERROR;
				CLANG_WARN_RANGE_LOOP_ANALYSIS = YES;
				CLANG_WARN_STRICT_PROTOTYPES = YES;
				CLANG_WARN_SUSPICIOUS_MOVE = YES;
				CLANG_WARN_UNGUARDED_AVAILABILITY = YES_AGGRESSIVE;
				CLANG_WARN_UNREACHABLE_CODE = YES;
				CLANG_WARN__DUPLICATE_METHOD_MATCH = YES;
				CODE_SIGN_IDENTITY = "iPhone Developer";
				COPY_PHASE_STRIP = NO;
				DEBUG_INFORMATION_FORMAT = dwarf;
				ENABLE_STRICT_OBJC_MSGSEND = YES;
				ENABLE_TESTABILITY = YES;
				GCC_C_LANGUAGE_STANDARD = gnu11;
				GCC_DYNAMIC_NO_PIC = NO;
				GCC_NO_COMMON_BLOCKS = YES;
				GCC_OPTIMIZATION_LEVEL = 0;
				GCC_PREPROCESSOR_DEFINITIONS = (
					"DEBUG=1",
					"$(inherited)",
				);
				GCC_WARN_64_TO_32_BIT_CONVERSION = YES;
				GCC_WARN_ABOUT_RETURN_TYPE = YES_ERROR;
				GCC_WARN_UNDECLARED_SELECTOR = YES;
				GCC_WARN_UNINITIALIZED_AUTOS = YES_AGGRESSIVE;
				GCC_WARN_UNUSED_FUNCTION = YES;
				GCC_WARN_UNUSED_VARIABLE = YES;
				IPHONEOS_DEPLOYMENT_TARGET = 12.1;
				MTL_ENABLE_DEBUG_INFO = INCLUDE_SOURCE;
				MTL_FAST_MATH = YES;
				ONLY_ACTIVE_ARCH = YES;
				SDKROOT = iphoneos;
				SWIFT_ACTIVE_COMPILATION_CONDITIONS = DEBUG;
				SWIFT_OPTIMIZATION_LEVEL = "-Onone";
			};
			name = "Staging-Debug";
		};
		D2C1FE93224E5C0100700E41 /* Staging-Debug */ = {
			isa = XCBuildConfiguration;
			buildSettings = {
				ASSETCATALOG_COMPILER_APPICON_NAME = AppIcon;
				BUNDLE_DISPLAY_NAME = "Pippin-Staging";
				CODE_SIGN_STYLE = Automatic;
				DEVELOPMENT_TEAM = 2J9S2B5EZD;
				INFOPLIST_FILE = Pippin/Info.plist;
				IPHONEOS_DEPLOYMENT_TARGET = 11.0;
				LD_RUNPATH_SEARCH_PATHS = (
					"$(inherited)",
					"@executable_path/Frameworks",
				);
				PRODUCT_BUNDLE_IDENTIFIER = com.willbrandin.schoolconnect.Pippin.debug;
				PRODUCT_NAME = "$(TARGET_NAME)";
				SWIFT_VERSION = 4.2;
				TARGETED_DEVICE_FAMILY = "1,2";
			};
			name = "Staging-Debug";
		};
		D2C1FE94224E5C0100700E41 /* Staging-Debug */ = {
			isa = XCBuildConfiguration;
			buildSettings = {
				ALWAYS_EMBED_SWIFT_STANDARD_LIBRARIES = YES;
				BUNDLE_LOADER = "$(TEST_HOST)";
				CODE_SIGN_STYLE = Automatic;
				DEVELOPMENT_TEAM = 2J9S2B5EZD;
				INFOPLIST_FILE = PippinTests/Info.plist;
				LD_RUNPATH_SEARCH_PATHS = (
					"$(inherited)",
					"@executable_path/Frameworks",
					"@loader_path/Frameworks",
				);
				PRODUCT_BUNDLE_IDENTIFIER = com.willbrandin.schoolconnect.PippinTests;
				PRODUCT_NAME = "$(TARGET_NAME)";
				SWIFT_VERSION = 4.2;
				TARGETED_DEVICE_FAMILY = "1,2";
				TEST_HOST = "$(BUILT_PRODUCTS_DIR)/Pippin.app/Pippin";
			};
			name = "Staging-Debug";
		};
		D2C1FE95224E5C0900700E41 /* Production-Debug */ = {
			isa = XCBuildConfiguration;
			buildSettings = {
				ALWAYS_SEARCH_USER_PATHS = NO;
				CLANG_ANALYZER_NONNULL = YES;
				CLANG_ANALYZER_NUMBER_OBJECT_CONVERSION = YES_AGGRESSIVE;
				CLANG_CXX_LANGUAGE_STANDARD = "gnu++14";
				CLANG_CXX_LIBRARY = "libc++";
				CLANG_ENABLE_MODULES = YES;
				CLANG_ENABLE_OBJC_ARC = YES;
				CLANG_ENABLE_OBJC_WEAK = YES;
				CLANG_WARN_BLOCK_CAPTURE_AUTORELEASING = YES;
				CLANG_WARN_BOOL_CONVERSION = YES;
				CLANG_WARN_COMMA = YES;
				CLANG_WARN_CONSTANT_CONVERSION = YES;
				CLANG_WARN_DEPRECATED_OBJC_IMPLEMENTATIONS = YES;
				CLANG_WARN_DIRECT_OBJC_ISA_USAGE = YES_ERROR;
				CLANG_WARN_DOCUMENTATION_COMMENTS = YES;
				CLANG_WARN_EMPTY_BODY = YES;
				CLANG_WARN_ENUM_CONVERSION = YES;
				CLANG_WARN_INFINITE_RECURSION = YES;
				CLANG_WARN_INT_CONVERSION = YES;
				CLANG_WARN_NON_LITERAL_NULL_CONVERSION = YES;
				CLANG_WARN_OBJC_IMPLICIT_RETAIN_SELF = YES;
				CLANG_WARN_OBJC_LITERAL_CONVERSION = YES;
				CLANG_WARN_OBJC_ROOT_CLASS = YES_ERROR;
				CLANG_WARN_RANGE_LOOP_ANALYSIS = YES;
				CLANG_WARN_STRICT_PROTOTYPES = YES;
				CLANG_WARN_SUSPICIOUS_MOVE = YES;
				CLANG_WARN_UNGUARDED_AVAILABILITY = YES_AGGRESSIVE;
				CLANG_WARN_UNREACHABLE_CODE = YES;
				CLANG_WARN__DUPLICATE_METHOD_MATCH = YES;
				CODE_SIGN_IDENTITY = "iPhone Developer";
				COPY_PHASE_STRIP = NO;
				DEBUG_INFORMATION_FORMAT = dwarf;
				ENABLE_STRICT_OBJC_MSGSEND = YES;
				ENABLE_TESTABILITY = YES;
				GCC_C_LANGUAGE_STANDARD = gnu11;
				GCC_DYNAMIC_NO_PIC = NO;
				GCC_NO_COMMON_BLOCKS = YES;
				GCC_OPTIMIZATION_LEVEL = 0;
				GCC_PREPROCESSOR_DEFINITIONS = (
					"DEBUG=1",
					"$(inherited)",
				);
				GCC_WARN_64_TO_32_BIT_CONVERSION = YES;
				GCC_WARN_ABOUT_RETURN_TYPE = YES_ERROR;
				GCC_WARN_UNDECLARED_SELECTOR = YES;
				GCC_WARN_UNINITIALIZED_AUTOS = YES_AGGRESSIVE;
				GCC_WARN_UNUSED_FUNCTION = YES;
				GCC_WARN_UNUSED_VARIABLE = YES;
				IPHONEOS_DEPLOYMENT_TARGET = 12.1;
				MTL_ENABLE_DEBUG_INFO = INCLUDE_SOURCE;
				MTL_FAST_MATH = YES;
				ONLY_ACTIVE_ARCH = YES;
				SDKROOT = iphoneos;
				SWIFT_ACTIVE_COMPILATION_CONDITIONS = DEBUG;
				SWIFT_OPTIMIZATION_LEVEL = "-Onone";
			};
			name = "Production-Debug";
		};
		D2C1FE96224E5C0900700E41 /* Production-Debug */ = {
			isa = XCBuildConfiguration;
			buildSettings = {
				ASSETCATALOG_COMPILER_APPICON_NAME = AppIcon;
				BUNDLE_DISPLAY_NAME = "Pippin-ProdDebug";
				CODE_SIGN_STYLE = Automatic;
				DEVELOPMENT_TEAM = 2J9S2B5EZD;
				INFOPLIST_FILE = Pippin/Info.plist;
				IPHONEOS_DEPLOYMENT_TARGET = 11.0;
				LD_RUNPATH_SEARCH_PATHS = (
					"$(inherited)",
					"@executable_path/Frameworks",
				);
				PRODUCT_BUNDLE_IDENTIFIER = com.willbrandin.schoolconnect.Pippin.debug;
				PRODUCT_NAME = "$(TARGET_NAME)";
				SWIFT_VERSION = 4.2;
				TARGETED_DEVICE_FAMILY = "1,2";
			};
			name = "Production-Debug";
		};
		D2C1FE97224E5C0900700E41 /* Production-Debug */ = {
			isa = XCBuildConfiguration;
			buildSettings = {
				ALWAYS_EMBED_SWIFT_STANDARD_LIBRARIES = YES;
				BUNDLE_LOADER = "$(TEST_HOST)";
				CODE_SIGN_STYLE = Automatic;
				DEVELOPMENT_TEAM = 2J9S2B5EZD;
				INFOPLIST_FILE = PippinTests/Info.plist;
				LD_RUNPATH_SEARCH_PATHS = (
					"$(inherited)",
					"@executable_path/Frameworks",
					"@loader_path/Frameworks",
				);
				PRODUCT_BUNDLE_IDENTIFIER = com.willbrandin.schoolconnect.PippinTests;
				PRODUCT_NAME = "$(TARGET_NAME)";
				SWIFT_VERSION = 4.2;
				TARGETED_DEVICE_FAMILY = "1,2";
				TEST_HOST = "$(BUILT_PRODUCTS_DIR)/Pippin.app/Pippin";
			};
			name = "Production-Debug";
		};
/* End XCBuildConfiguration section */

/* Begin XCConfigurationList section */
		D2C1FE67224E5B7000700E41 /* Build configuration list for PBXProject "Pippin" */ = {
			isa = XCConfigurationList;
			buildConfigurations = (
				D2C1FE87224E5B7200700E41 /* Development */,
				D2C1FE92224E5C0100700E41 /* Staging-Debug */,
				D2C1FE95224E5C0900700E41 /* Production-Debug */,
				D2C1FE88224E5B7200700E41 /* Production-Release */,
				D2C1FE8F224E5BF800700E41 /* Staging-Release */,
			);
			defaultConfigurationIsVisible = 0;
			defaultConfigurationName = "Production-Release";
		};
		D2C1FE89224E5B7200700E41 /* Build configuration list for PBXNativeTarget "Pippin" */ = {
			isa = XCConfigurationList;
			buildConfigurations = (
				D2C1FE8A224E5B7200700E41 /* Development */,
				D2C1FE93224E5C0100700E41 /* Staging-Debug */,
				D2C1FE96224E5C0900700E41 /* Production-Debug */,
				D2C1FE8B224E5B7200700E41 /* Production-Release */,
				D2C1FE90224E5BF800700E41 /* Staging-Release */,
			);
			defaultConfigurationIsVisible = 0;
			defaultConfigurationName = "Production-Release";
		};
		D2C1FE8C224E5B7200700E41 /* Build configuration list for PBXNativeTarget "PippinTests" */ = {
			isa = XCConfigurationList;
			buildConfigurations = (
				D2C1FE8D224E5B7200700E41 /* Development */,
				D2C1FE94224E5C0100700E41 /* Staging-Debug */,
				D2C1FE97224E5C0900700E41 /* Production-Debug */,
				D2C1FE8E224E5B7200700E41 /* Production-Release */,
				D2C1FE91224E5BF800700E41 /* Staging-Release */,
			);
			defaultConfigurationIsVisible = 0;
			defaultConfigurationName = "Production-Release";
		};
/* End XCConfigurationList section */
	};
	rootObject = D2C1FE64224E5B7000700E41 /* Project object */;
}
