PODS:
  - BonMot (5.3)
  - KeyboardHelper (1.0.0)
  - lottie-ios (2.5.2)
  - Shimmer (1.0.2)
  - SkyFloatingLabelTextField (3.6.0)
  - TTTAttributedLabel (2.0.0)

DEPENDENCIES:
  - BonMot
  - KeyboardHelper (~> 1.0)
  - lottie-ios
  - Shimmer
  - SkyFloatingLabelTextField (~> 3.0)
  - TTTAttributedLabel

SPEC REPOS:
  https://github.com/cocoapods/specs.git:
    - BonMot
    - KeyboardHelper
    - lottie-ios
    - Shimmer
    - SkyFloatingLabelTextField
    - TTTAttributedLabel

SPEC CHECKSUMS:
  BonMot: 0104d1b4eda54f4a4b7393d6559539ef25498fbd
  KeyboardHelper: 0e2fcc48eb1e3b4862d0fb4e25ef4e4a18f33386
  lottie-ios: 3fef45d3fabe63e3c7c2eb603dd64ddfffc73062
  Shimmer: c5374be1c2b0c9e292fb05b339a513cf291cac86
  SkyFloatingLabelTextField: 38164979b79512f9ff9288ad8acfc4bbf5d843e3
  TTTAttributedLabel: 8cffe8e127e4e82ff3af1e5386d4cd0ad000b656

PODFILE CHECKSUM: f2b08948b34997e901dfc4a60ca061ef091d15ce

COCOAPODS: 1.5.2
